{
  "name": "contracts",
  "version": "1.0.0",
  "lockfileVersion": 3,
  "requires": true,
  "packages": {
    "": {
      "name": "contracts",
      "version": "1.0.0",
      "license": "ISC",
      "dependencies": {
        "@fhenixprotocol/cofhe-contracts": "^0.0.14",
        "@openzeppelin/contracts": "^5.4.0"
      }
    },
    "node_modules/@fhenixprotocol/cofhe-contracts": {
      "version": "0.0.14",
      "resolved": "https://registry.npmjs.org/@fhenixprotocol/cofhe-contracts/-/cofhe-contracts-0.0.14.tgz",
      "integrity": "sha512-vAC7wMWUHjQcdO3eRAxS2mntGzoovcnXvCiKmFbp0cBxmYeuuEWAYu/FCCNL7qMp3iJkY70reTWtidhvtP10Rg==",
      "dependencies": {
        "@openzeppelin/contracts": "^5.0.0"
      }
    },
    "node_modules/@openzeppelin/contracts": {
      "version": "5.4.0",
      "resolved": "https://registry.npmjs.org/@openzeppelin/contracts/-/contracts-5.4.0.tgz",
      "integrity": "sha512-eCYgWnLg6WO+X52I16TZt8uEjbtdkgLC0SUX/xnAksjjrQI4Xfn4iBRoI5j55dmlOhDv1Y7BoR3cU7e3WWhC6A==",
      "license": "MIT"
    }
  }
}
